
Microsoft Visual Studio Solution File, Format Version 12.00
# Visual Studio Version 16
VisualStudioVersion = 16.0.31229.75
MinimumVisualStudioVersion = 10.0.40219.1
Project("{9A19103F-16F7-4668-BE54-9A1E7A4F7556}") = "Internship_1", "Internship_1\Internship_1.csproj", "{6A4BE0E5-7603-4E95-92F8-459D9A6911BE}"
EndProject
Project("{FAE04EC0-301F-11D3-BF4B-00C04F79EFBC}") = "BoxingUnboxing", "BoxingUnboxing\BoxingUnboxing.csproj", "{A5679CB7-7881-4B20-B5E7-370893C6A60F}"
EndProject
Global
	GlobalSection(SolutionConfigurationPlatforms) = preSolution
		Debug|Any CPU = Debug|Any CPU
		Debug|x64 = Debug|x64
		Debug|x86 = Debug|x86
		Release|Any CPU = Release|Any CPU
		Release|x64 = Release|x64
		Release|x86 = Release|x86
	EndGlobalSection
	GlobalSection(ProjectConfigurationPlatforms) = postSolution
		{6A4BE0E5-7603-4E95-92F8-459D9A6911BE}.Debug|Any CPU.ActiveCfg = Debug|Any CPU
		{6A4BE0E5-7603-4E95-92F8-459D9A6911BE}.Debug|Any CPU.Build.0 = Debug|Any CPU
		{6A4BE0E5-7603-4E95-92F8-459D9A6911BE}.Debug|x64.ActiveCfg = Debug|Any CPU
		{6A4BE0E5-7603-4E95-92F8-459D9A6911BE}.Debug|x64.Build.0 = Debug|Any CPU
		{6A4BE0E5-7603-4E95-92F8-459D9A6911BE}.Debug|x86.ActiveCfg = Debug|Any CPU
		{6A4BE0E5-7603-4E95-92F8-459D9A6911BE}.Debug|x86.Build.0 = Debug|Any CPU
		{6A4BE0E5-7603-4E95-92F8-459D9A6911BE}.Release|Any CPU.ActiveCfg = Release|Any CPU
		{6A4BE0E5-7603-4E95-92F8-459D9A6911BE}.Release|Any CPU.Build.0 = Release|Any CPU
		{6A4BE0E5-7603-4E95-92F8-459D9A6911BE}.Release|x64.ActiveCfg = Release|Any CPU
		{6A4BE0E5-7603-4E95-92F8-459D9A6911BE}.Release|x64.Build.0 = Release|Any CPU
		{6A4BE0E5-7603-4E95-92F8-459D9A6911BE}.Release|x86.ActiveCfg = Release|Any CPU
		{6A4BE0E5-7603-4E95-92F8-459D9A6911BE}.Release|x86.Build.0 = Release|Any CPU
		{A5679CB7-7881-4B20-B5E7-370893C6A60F}.Debug|Any CPU.ActiveCfg = Debug|Any CPU
		{A5679CB7-7881-4B20-B5E7-370893C6A60F}.Debug|Any CPU.Build.0 = Debug|Any CPU
		{A5679CB7-7881-4B20-B5E7-370893C6A60F}.Debug|x64.ActiveCfg = Debug|Any CPU
		{A5679CB7-7881-4B20-B5E7-370893C6A60F}.Debug|x64.Build.0 = Debug|Any CPU
		{A5679CB7-7881-4B20-B5E7-370893C6A60F}.Debug|x86.ActiveCfg = Debug|Any CPU
		{A5679CB7-7881-4B20-B5E7-370893C6A60F}.Debug|x86.Build.0 = Debug|Any CPU
		{A5679CB7-7881-4B20-B5E7-370893C6A60F}.Release|Any CPU.ActiveCfg = Release|Any CPU
		{A5679CB7-7881-4B20-B5E7-370893C6A60F}.Release|Any CPU.Build.0 = Release|Any CPU
		{A5679CB7-7881-4B20-B5E7-370893C6A60F}.Release|x64.ActiveCfg = Release|Any CPU
		{A5679CB7-7881-4B20-B5E7-370893C6A60F}.Release|x64.Build.0 = Release|Any CPU
		{A5679CB7-7881-4B20-B5E7-370893C6A60F}.Release|x86.ActiveCfg = Release|Any CPU
		{A5679CB7-7881-4B20-B5E7-370893C6A60F}.Release|x86.Build.0 = Release|Any CPU
	EndGlobalSection
	GlobalSection(SolutionProperties) = preSolution
		HideSolutionNode = FALSE
	EndGlobalSection
	GlobalSection(ExtensibilityGlobals) = postSolution
		SolutionGuid = {2D77A14D-576D-46A1-A118-90C7A2346645}
	EndGlobalSection
EndGlobal
